version = 1
revision = 3
requires-python = "==3.12.*"

[[package]]
name = "numpy"
version = "2.5.3"
source = { registry = "https://pypi.org/simple" }
sdist = { url = "https://files.pythonhosted.org/packages/13/01/11703282db468b85f6f7b8c7f22d058de5970d5c7e60a3a8aaa313c3de36/numpy-2.5.3.tar.gz", hash = "sha256:df2d5874ff183595a4ba404edd04f6bd9b5505c1d7708573f6a6c17489a67563", size = 20791231, upload-time = "2026-09-06T16:27:47.073Z" }
wheels = [
    { url = "https://files.pythonhosted.org/packages/d6/50/8fdbb16af64895706a45f06a4068e29db732ec180f3c1375f14123359138/numpy-2.5.3-cp312-cp312-macosx_10_13_x86_64.whl", hash = "sha256:cb189f09db39283b26bfd061ec16189e14f71c6755207f72a0f7540867afe5b9", size = 16994982, upload-time = "2026-09-06T16:24:29.244Z" },
    { url = "https://files.pythonhosted.org/packages/60/39/789131c1188c078dcb3a1692e72e1e050c68b88ffe72c9ccaac9bcd7a9cd/numpy-2.5.3-cp312-cp312-macosx_11_0_arm64.whl", hash = "sha256:f59a878c33d6b88122d80d239bb3b845d58708750b0cb06a09aebb9b18ec696c", size = 12009327, upload-time = "2026-09-06T16:24:32.491Z" },
    { url = "https://files.pythonhosted.org/packages/9c/59/a312e95696e5f601914dd8b6dd844692ba61670807417e24b68e337b5c70/numpy-2.5.3-cp312-cp312-macosx_14_0_arm64.whl", hash = "sha256:a72f874bc9e10e4b8f80426fb49716d5141f64442a0c8418065093ec8017fbb0", size = 5445405, upload-time = "2026-09-06T16:24:35.071Z" },
    { url = "https://files.pythonhosted.org/packages/30/d0/5623a1707ed4fe16e3909fe3cf5ee3da004ae677ad23d83bbf3adf1a6faf/numpy-2.5.3-cp312-cp312-macosx_14_0_x86_64.whl", hash = "sha256:fc36dc566135b5eceec4cf89758fcb719266a019ef07dae1754ae7c9f617ef3e", size = 6783213, upload-time = "2026-09-06T16:24:37.253Z" },
    { url = "https://files.pythonhosted.org/packages/f1/32/84146fc020ad3c25f805f70ab60da46fe3c540a21369754a7e4369754b6f/numpy-2.5.3-cp312-cp312-manylinux_2_27_aarch64.manylinux_2_28_aarch64.whl", hash = "sha256:76c2c1e6bfa5c84adc6434dfbf013aa92096a7985221762c8f11fedfd20fff58", size = 15687872, upload-time = "2026-09-06T16:24:39.751Z" },
    { url = "https://files.pythonhosted.org/packages/65/af/aa78d1a88805456e212b65461354cd943197fb9acecc4c90fd12295123a3/numpy-2.5.3-cp312-cp312-manylinux_2_27_x86_64.manylinux_2_28_x86_64.whl", hash = "sha256:b7e18c623bb5c95acb3b3328861272816ba199fb531921c5d6d0b675f1fde9e3", size = 16717410, upload-time = "2026-09-06T16:24:42.745Z" },
    { url = "https://files.pythonhosted.org/packages/3b/24/faa79d865e69a97ba17473b23a1b74094b2259c03e820c70297293b9ea49/numpy-2.5.3-cp312-cp312-musllinux_1_2_aarch64.whl", hash = "sha256:4f8929ee6c96bfbd7b4ed2032e0c03af86fe1826740ab61ddabf9072d06e57ff", size = 17040975, upload-time = "2026-09-06T16:24:45.961Z" },
    { url = "https://files.pythonhosted.org/packages/62/4a/8877e629445a7176297dffcaf9c485faa96a95d81728a62521ad55bd4c0f/numpy-2.5.3-cp312-cp312-musllinux_1_2_x86_64.whl", hash = "sha256:b5d93cf48f687479941d12b69c873ad2cc76bbd487f0091c2200636497f34034", size = 18476479, upload-time = "2026-09-06T16:24:49.35Z" },
    { url = "https://files.pythonhosted.org/packages/c8/db/35e1c2d38b04cbd5b731f9d71495e055e813197669d22b612f11748d2ff9/numpy-2.5.3-cp312-cp312-win32.whl", hash = "sha256:bf63afbe037eb5d2fe87fbcc7778e61da53ebaf21d938a4515aa73b62532a5d4", size = 6133378, upload-time = "2026-09-06T16:24:51.915Z" },
    { url = "https://files.pythonhosted.org/packages/3c/a1/accf6d4f0c80c5d9ba9735d6b1550e444180599f34dec69ca01360f717ad/numpy-2.5.3-cp312-cp312-win_amd64.whl", hash = "sha256:0a59a421a32580a009e8a1751345bf829631b990dc1794b80514ab722b435def", size = 12567828, upload-time = "2026-09-06T16:24:54.255Z" },
    { url = "https://files.pythonhosted.org/packages/22/43/1764aff32e4652526ae2f71fa8b3efd8d25c8a3d6926914454e47138ed1e/numpy-2.5.3-cp312-cp312-win_arm64.whl", hash = "sha256:ccb32e0525d29e8b0572eb84c9a57af0e7a4e615726927506f55063c62414034", size = 10485432, upload-time = "2026-09-06T16:24:57.278Z" },
]

[[package]]
name = "praat-parselmouth"
version = "0.4.7"
source = { registry = "https://pypi.org/simple" }
dependencies = [
    { name = "numpy" },
]
sdist = { url = "https://files.pythonhosted.org/packages/4f/28/2c1204fe3e7aeb6942051ff6776e31da52c7ab5b7df2ca438f371bd60d8a/praat_parselmouth-0.4.7.tar.gz", hash = "sha256:6dd81d246ce1eef5fd93d8cbdaf1bef61ca40ef1d2fc12aa23996a28071181e6", size = 22526491, upload-time = "2025-11-27T20:08:58.276Z" }
wheels = [
    { url = "https://files.pythonhosted.org/packages/71/8b/e3ac60fd972d457ecf6b0b0bdd9b651f578c0f50ce31b4e176065ad1713d/praat_parselmouth-0.4.7-cp312-cp312-macosx_10_13_universal2.whl", hash = "sha256:fe123f5004e77a3a39150fc0b64b8960404c87ca8bb2a2e031c73ebd32d8e548", size = 17673383, upload-time = "2025-11-27T20:02:09.287Z" },
    { url = "https://files.pythonhosted.org/packages/d5/e3/60f2caa3df1382bf24e171c6be2bf7c8fc0d5f9b443701a9b3397596c899/praat_parselmouth-0.4.7-cp312-cp312-macosx_10_13_x86_64.whl", hash = "sha256:5892deae3631d691c6339455f1bce065e095c77634299e57bb00df94041f7db3", size = 9051957, upload-time = "2025-11-27T20:02:13.435Z" },
    { url = "https://files.pythonhosted.org/packages/75/ea/10e0f1bb64923c27dec9fcd3c28852751565df8ba3beb5ae1d8288fa65f8/praat_parselmouth-0.4.7-cp312-cp312-macosx_11_0_arm64.whl", hash = "sha256:29e468febc3de2acad8f7718b10cc800610871e229afc549b6b51f009a87ede7", size = 8635367, upload-time = "2025-11-27T20:02:16.791Z" },
    { url = "https://files.pythonhosted.org/packages/f9/a8/d410e7f10ca97293cf271f94c8ddff70deeac44d3b8a524aa44c796f52cc/praat_parselmouth-0.4.7-cp312-cp312-manylinux2014_i686.manylinux_2_17_i686.whl", hash = "sha256:e3fc0be825c5d1a4a05d2f85c5d8ff214d7178579cd2dd036cb902d9737a8d80", size = 10711677, upload-time = "2025-11-27T20:02:19.445Z" },
    { url = "https://files.pythonhosted.org/packages/9f/5f/e4495c8ac6ed26a1f16a34269c12579532e747b4ac5db57123093904f2ec/praat_parselmouth-0.4.7-cp312-cp312-manylinux2014_x86_64.manylinux_2_17_x86_64.whl", hash = "sha256:6b5fbfab5b3cd4f6146e6145559d5d7c231384d88f942e0c8c0e791058aa61a5", size = 10749363, upload-time = "2025-11-27T20:02:23.082Z" },
    { url = "https://files.pythonhosted.org/packages/50/f3/6b7a92ab093e89b58c7abbda93ca9a7b1e72c1a5c020d49f42e8856c6740/praat_parselmouth-0.4.7-cp312-cp312-win32.whl", hash = "sha256:fb579964b92e7aa5774badfa760570a6645641592cb5eb9e50b5a2225875b210", size = 8125421, upload-time = "2025-11-27T20:02:26.073Z" },
    { url = "https://files.pythonhosted.org/packages/6c/df/a358062226918326825b7af95850ce561a22c6dcdc2cac0665a8efc6a2d9/praat_parselmouth-0.4.7-cp312-cp312-win_amd64.whl", hash = "sha256:7cfd6941a4e8dd1d8398260f1269a831b84e9f230b03c569993e144a20704f99", size = 8958177, upload-time = "2025-11-27T20:02:29.308Z" },
]

[[package]]
name = "voicetrain-analysis"
version = "0.1.0"
source = { virtual = "." }
dependencies = [
    { name = "numpy" },
    { name = "praat-parselmouth" },
]

[package.metadata]
requires-dist = [
    { name = "numpy", specifier = ">=2.0" },
    { name = "praat-parselmouth", specifier = ">=0.4.4" },
]
