version = 1
requires-python = "==3.12.*"

[[package]]
name = "numpy"
version = "2.5.1"
source = { registry = "https://pypi.org/simple" }
sdist = { url = "https://files.pythonhosted.org/packages/22/fd/89965aa4ac08c74998539fcbf24fa3540f3e15237fbeb6bcf9c908f4aade/numpy-2.5.1.tar.gz", hash = "sha256:a48a113e6afea91f5608793bafa7ef2ad481fefbda87ec5069f483de61cb9fa3", size = 20755553 }
wheels = [
    { url = "https://files.pythonhosted.org/packages/62/7b/14687aa674250e5e546f616f486b0d56d3631cd5b2415739141ce40bdcea/numpy-2.5.1-cp312-cp312-macosx_10_13_x86_64.whl", hash = "sha256:2c889b56fe48b1018f764b0eec8df59ab654e9148aa91faa12596043500de277", size = 16801574 },
    { url = "https://files.pythonhosted.org/packages/e1/19/cc5bb2a3f2913d27d6dbb2c78d25921fabaedc6741d4a5a615a11f3c5bf3/numpy-2.5.1-cp312-cp312-macosx_11_0_arm64.whl", hash = "sha256:ab451b59c5643c570974c43aef780703ef1d3b4965d2be07afd530615a9358d1", size = 11772250 },
    { url = "https://files.pythonhosted.org/packages/42/77/fdf34a71dd30f54979b18603bee915e0aaf825b07afe79acd60b04b691e2/numpy-2.5.1-cp312-cp312-macosx_14_0_arm64.whl", hash = "sha256:78798bd5b9ad744056af8efa90e3b9ddaa53272a0848a483084a1cc0a13b2dc0", size = 5331516 },
    { url = "https://files.pythonhosted.org/packages/ce/e2/eb7efa015b4cce41e2517bf182a7fce0d7d5b9d9ed76a29bfa0f4fe4505c/numpy-2.5.1-cp312-cp312-macosx_14_0_x86_64.whl", hash = "sha256:2ae0ca40bcb22d6ba59c1dfd5446f49940b0f2d821fde133f10dda11f816b84e", size = 6664863 },
    { url = "https://files.pythonhosted.org/packages/a9/4b/a2b32dd94ee9ffbeecb28152240042a3949db33b1c834d44090b80e1b3b8/numpy-2.5.1-cp312-cp312-manylinux_2_27_aarch64.manylinux_2_28_aarch64.whl", hash = "sha256:61ac47e772e6b8ea489e1d2f441a34c5c3ac17327e7ce294cbdf535795ad4e75", size = 15167977 },
    { url = "https://files.pythonhosted.org/packages/b8/a9/6e73d68500f80773f65f0654ea932019d6694329a0eb0ed0533de38df376/numpy-2.5.1-cp312-cp312-manylinux_2_27_x86_64.manylinux_2_28_x86_64.whl", hash = "sha256:59fda5e192b570217ec2580c96f00e9a7e12ef6866a900eb089b62c1a32545ca", size = 16672469 },
    { url = "https://files.pythonhosted.org/packages/24/7d/ad3e59015135f5261c95fd4cafeff159c955febd83a99a1d9250c4233815/numpy-2.5.1-cp312-cp312-musllinux_1_2_aarch64.whl", hash = "sha256:f7119ebff1a9829e9f431a4f9d28e703023bb6b9fe7c8f724467dbfc27c94ab3", size = 16527531 },
    { url = "https://files.pythonhosted.org/packages/83/d0/a39b2fbcde9cb17a1dac678f254b33a6336298af9df338824c685425d5e8/numpy-2.5.1-cp312-cp312-musllinux_1_2_x86_64.whl", hash = "sha256:e824c2acf8862052246be5a44c15da1777940c60d010dd2aab897824d9c430f9", size = 18431940 },
    { url = "https://files.pythonhosted.org/packages/04/12/cff070947791c1ed425ff76413189adbdc2fbe215eba7ce7fa454a03c7f8/numpy-2.5.1-cp312-cp312-win32.whl", hash = "sha256:08d60c810432eb83360958dea0999ac4cfb94531ea8efcbf0b7f277c2068aeb2", size = 6066764 },
    { url = "https://files.pythonhosted.org/packages/65/66/53f31807a48a750f9d748da273bc3fcedd12b27ff1f3e373bfec55ef2dc0/numpy-2.5.1-cp312-cp312-win_amd64.whl", hash = "sha256:f7d60026c0bdb1380e83bfa7a0419c4577ee4b9a08880afcb6dadeb74c649fa2", size = 12430966 },
    { url = "https://files.pythonhosted.org/packages/2b/2a/d1a88066b1c14186f5d3c0d18c94f17b064511982bab0578d49ee9d43c29/numpy-2.5.1-cp312-cp312-win_arm64.whl", hash = "sha256:17a25e09640602e10bc8de0e6fa2b3fd68eedd84ba6d7842dc8f32f9ab87bd0b", size = 10350488 },
]

[[package]]
name = "praat-parselmouth"
version = "0.4.7"
source = { registry = "https://pypi.org/simple" }
dependencies = [
    { name = "numpy" },
]
sdist = { url = "https://files.pythonhosted.org/packages/4f/28/2c1204fe3e7aeb6942051ff6776e31da52c7ab5b7df2ca438f371bd60d8a/praat_parselmouth-0.4.7.tar.gz", hash = "sha256:6dd81d246ce1eef5fd93d8cbdaf1bef61ca40ef1d2fc12aa23996a28071181e6", size = 22526491 }
wheels = [
    { url = "https://files.pythonhosted.org/packages/71/8b/e3ac60fd972d457ecf6b0b0bdd9b651f578c0f50ce31b4e176065ad1713d/praat_parselmouth-0.4.7-cp312-cp312-macosx_10_13_universal2.whl", hash = "sha256:fe123f5004e77a3a39150fc0b64b8960404c87ca8bb2a2e031c73ebd32d8e548", size = 17673383 },
    { url = "https://files.pythonhosted.org/packages/d5/e3/60f2caa3df1382bf24e171c6be2bf7c8fc0d5f9b443701a9b3397596c899/praat_parselmouth-0.4.7-cp312-cp312-macosx_10_13_x86_64.whl", hash = "sha256:5892deae3631d691c6339455f1bce065e095c77634299e57bb00df94041f7db3", size = 9051957 },
    { url = "https://files.pythonhosted.org/packages/75/ea/10e0f1bb64923c27dec9fcd3c28852751565df8ba3beb5ae1d8288fa65f8/praat_parselmouth-0.4.7-cp312-cp312-macosx_11_0_arm64.whl", hash = "sha256:29e468febc3de2acad8f7718b10cc800610871e229afc549b6b51f009a87ede7", size = 8635367 },
    { url = "https://files.pythonhosted.org/packages/f9/a8/d410e7f10ca97293cf271f94c8ddff70deeac44d3b8a524aa44c796f52cc/praat_parselmouth-0.4.7-cp312-cp312-manylinux2014_i686.manylinux_2_17_i686.whl", hash = "sha256:e3fc0be825c5d1a4a05d2f85c5d8ff214d7178579cd2dd036cb902d9737a8d80", size = 10711677 },
    { url = "https://files.pythonhosted.org/packages/9f/5f/e4495c8ac6ed26a1f16a34269c12579532e747b4ac5db57123093904f2ec/praat_parselmouth-0.4.7-cp312-cp312-manylinux2014_x86_64.manylinux_2_17_x86_64.whl", hash = "sha256:6b5fbfab5b3cd4f6146e6145559d5d7c231384d88f942e0c8c0e791058aa61a5", size = 10749363 },
    { url = "https://files.pythonhosted.org/packages/50/f3/6b7a92ab093e89b58c7abbda93ca9a7b1e72c1a5c020d49f42e8856c6740/praat_parselmouth-0.4.7-cp312-cp312-win32.whl", hash = "sha256:fb579964b92e7aa5774badfa760570a6645641592cb5eb9e50b5a2225875b210", size = 8125421 },
    { url = "https://files.pythonhosted.org/packages/6c/df/a358062226918326825b7af95850ce561a22c6dcdc2cac0665a8efc6a2d9/praat_parselmouth-0.4.7-cp312-cp312-win_amd64.whl", hash = "sha256:7cfd6941a4e8dd1d8398260f1269a831b84e9f230b03c569993e144a20704f99", size = 8958177 },
    { url = "https://files.pythonhosted.org/packages/ce/a5/e90442d1cbbd370bb648cd0484fd919165c8a05da70907d302ba73aafbd2/praat_parselmouth-0.4.7-pp27-pypy_73-manylinux2010_x86_64.whl", hash = "sha256:58517d691b652067d02d692dbbd7273234dec379b3c5bb99cfc5e2e18a57970b", size = 10728173 },
    { url = "https://files.pythonhosted.org/packages/e7/cb/f184056e84bd536512cdadf0eb296191ff9d52d46cbfbf2ed81b7bb3c407/praat_parselmouth-0.4.7-pp27-pypy_73-win32.whl", hash = "sha256:ff6ed2b45740a645c9dd57f8ade2d18f34209593093b9507eae4661189826fba", size = 8133415 },
]

[[package]]
name = "voicetrain-analysis"
version = "0.1.0"
source = { virtual = "." }
dependencies = [
    { name = "numpy" },
    { name = "praat-parselmouth" },
]

[package.metadata]
requires-dist = [
    { name = "numpy", specifier = ">=2.0" },
    { name = "praat-parselmouth", specifier = ">=0.4.4" },
]
